
Microsoft Visual Studio Solution File, Format Version 12.00
# Visual Studio 14
VisualStudioVersion = 14.0.24720.0
MinimumVisualStudioVersion = 10.0.40219.1
Project("{FAE04EC0-301F-11D3-BF4B-00C04F79EFBC}") = "csharp01 - HelloWorld", "csharp01 - HelloWorld\csharp01 - HelloWorld.csproj", "{12A5D181-0313-4F43-8A10-5AFC979C2F8B}"
EndProject
Project("{FAE04EC0-301F-11D3-BF4B-00C04F79EFBC}") = "csharp03 - RefKeyword", "csharp02 - ValueReference\csharp03 - RefKeyword.csproj", "{8E847B73-320E-46A3-B5DA-7AA77A287A6C}"
EndProject
Project("{FAE04EC0-301F-11D3-BF4B-00C04F79EFBC}") = "csharp02 - ValueReference", "csharp03 - RefKeyword\csharp02 - ValueReference.csproj", "{253176CA-CADB-4FD9-950D-22DA8E6191A2}"
EndProject
Project("{FAE04EC0-301F-11D3-BF4B-00C04F79EFBC}") = "csharp04 - MethodOverloading", "csharp04 - MethodOverloading\csharp04 - MethodOverloading.csproj", "{E6C1EFC0-6937-4912-89F4-BE4F5A45EF3A}"
EndProject
Global
	GlobalSection(SolutionConfigurationPlatforms) = preSolution
		Debug|Any CPU = Debug|Any CPU
		Release|Any CPU = Release|Any CPU
	EndGlobalSection
	GlobalSection(ProjectConfigurationPlatforms) = postSolution
		{12A5D181-0313-4F43-8A10-5AFC979C2F8B}.Debug|Any CPU.ActiveCfg = Debug|Any CPU
		{12A5D181-0313-4F43-8A10-5AFC979C2F8B}.Debug|Any CPU.Build.0 = Debug|Any CPU
		{12A5D181-0313-4F43-8A10-5AFC979C2F8B}.Release|Any CPU.ActiveCfg = Release|Any CPU
		{12A5D181-0313-4F43-8A10-5AFC979C2F8B}.Release|Any CPU.Build.0 = Release|Any CPU
		{8E847B73-320E-46A3-B5DA-7AA77A287A6C}.Debug|Any CPU.ActiveCfg = Debug|Any CPU
		{8E847B73-320E-46A3-B5DA-7AA77A287A6C}.Debug|Any CPU.Build.0 = Debug|Any CPU
		{8E847B73-320E-46A3-B5DA-7AA77A287A6C}.Release|Any CPU.ActiveCfg = Release|Any CPU
		{8E847B73-320E-46A3-B5DA-7AA77A287A6C}.Release|Any CPU.Build.0 = Release|Any CPU
		{253176CA-CADB-4FD9-950D-22DA8E6191A2}.Debug|Any CPU.ActiveCfg = Debug|Any CPU
		{253176CA-CADB-4FD9-950D-22DA8E6191A2}.Debug|Any CPU.Build.0 = Debug|Any CPU
		{253176CA-CADB-4FD9-950D-22DA8E6191A2}.Release|Any CPU.ActiveCfg = Release|Any CPU
		{253176CA-CADB-4FD9-950D-22DA8E6191A2}.Release|Any CPU.Build.0 = Release|Any CPU
		{E6C1EFC0-6937-4912-89F4-BE4F5A45EF3A}.Debug|Any CPU.ActiveCfg = Debug|Any CPU
		{E6C1EFC0-6937-4912-89F4-BE4F5A45EF3A}.Debug|Any CPU.Build.0 = Debug|Any CPU
		{E6C1EFC0-6937-4912-89F4-BE4F5A45EF3A}.Release|Any CPU.ActiveCfg = Release|Any CPU
		{E6C1EFC0-6937-4912-89F4-BE4F5A45EF3A}.Release|Any CPU.Build.0 = Release|Any CPU
	EndGlobalSection
	GlobalSection(SolutionProperties) = preSolution
		HideSolutionNode = FALSE
	EndGlobalSection
EndGlobal
